
Microsoft Visual Studio Solution File, Format Version 12.00
# Visual Studio Version 17
VisualStudioVersion = 17.7.34031.279
MinimumVisualStudioVersion = 10.0.40219.1
Project("{8BC9CEB8-8B4A-11D0-8D11-00A0C91BC942}") = "KernalDriver", "KernalDriver\KernalDriver.vcxproj", "{9E659D09-D80B-42C7-8FED-2B45098AE338}"
EndProject
Global
	GlobalSection(SolutionConfigurationPlatforms) = preSolution
		Debug|ARM64 = Debug|ARM64
		Debug|x64 = Debug|x64
		Release|ARM64 = Release|ARM64
		Release|x64 = Release|x64
	EndGlobalSection
	GlobalSection(ProjectConfigurationPlatforms) = postSolution
		{9E659D09-D80B-42C7-8FED-2B45098AE338}.Debug|ARM64.ActiveCfg = Debug|ARM64
		{9E659D09-D80B-42C7-8FED-2B45098AE338}.Debug|ARM64.Build.0 = Debug|ARM64
		{9E659D09-D80B-42C7-8FED-2B45098AE338}.Debug|ARM64.Deploy.0 = Debug|ARM64
		{9E659D09-D80B-42C7-8FED-2B45098AE338}.Debug|x64.ActiveCfg = Debug|x64
		{9E659D09-D80B-42C7-8FED-2B45098AE338}.Debug|x64.Build.0 = Debug|x64
		{9E659D09-D80B-42C7-8FED-2B45098AE338}.Debug|x64.Deploy.0 = Debug|x64
		{9E659D09-D80B-42C7-8FED-2B45098AE338}.Release|ARM64.ActiveCfg = Release|ARM64
		{9E659D09-D80B-42C7-8FED-2B45098AE338}.Release|ARM64.Build.0 = Release|ARM64
		{9E659D09-D80B-42C7-8FED-2B45098AE338}.Release|ARM64.Deploy.0 = Release|ARM64
		{9E659D09-D80B-42C7-8FED-2B45098AE338}.Release|x64.ActiveCfg = Release|x64
		{9E659D09-D80B-42C7-8FED-2B45098AE338}.Release|x64.Build.0 = Release|x64
		{9E659D09-D80B-42C7-8FED-2B45098AE338}.Release|x64.Deploy.0 = Release|x64
	EndGlobalSection
	GlobalSection(SolutionProperties) = preSolution
		HideSolutionNode = FALSE
	EndGlobalSection
	GlobalSection(ExtensibilityGlobals) = postSolution
		SolutionGuid = {DF875AB9-4719-4058-879B-749C48D6CDF2}
	EndGlobalSection
EndGlobal
